// !$*UTF8*$!
{
	archiveVersion = 1;
	classes = {
	};
	objectVersion = 46;
	objects = {

/* Begin PBXContainerItemProxy section */
		3293924A186EDED5003D61B4 /* PBXContainerItemProxy */ = {
			isa = PBXContainerItemProxy;
			containerPortal = 32939246186EDED5003D61B4 /* broker-impl.xcodeproj */;
			proxyType = 2;
			remoteGlobalIDString = 3293923A186EDED5003D61B4;
			remoteInfo = "broker-impl";
		};
		32939270186EE206003D61B4 /* PBXContainerItemProxy */ = {
			isa = PBXContainerItemProxy;
			containerPortal = 3293926B186EE206003D61B4 /* server-impl.xcodeproj */;
			proxyType = 2;
			remoteGlobalIDString = 3293925F186EE206003D61B4;
			remoteInfo = "server-impl";
		};
		3293928B186EE298003D61B4 /* PBXContainerItemProxy */ = {
			isa = PBXContainerItemProxy;
			containerPortal = 32939287186EE297003D61B4 /* client-impl.xcodeproj */;
			proxyType = 2;
			remoteGlobalIDString = 3293927B186EE297003D61B4;
			remoteInfo = "client-impl";
		};
/* End PBXContainerItemProxy section */

/* Begin PBXCopyFilesBuildPhase section */
		32939223186EDE1D003D61B4 /* CopyFiles */ = {
			isa = PBXCopyFilesBuildPhase;
			buildActionMask = 2147483647;
			dstPath = /usr/share/man/man1/;
			dstSubfolderSpec = 0;
			files = (
			);
			runOnlyForDeploymentPostprocessing = 1;
		};
/* End PBXCopyFilesBuildPhase section */

/* Begin PBXFileReference section */
		323A21CD186EEB2400050F4E /* advanced-load-balancer */ = {isa = PBXFileReference; explicitFileType = "compiled.mach-o.executable"; includeInIndex = 0; path = "advanced-load-balancer"; sourceTree = BUILT_PRODUCTS_DIR; };
		32939246186EDED5003D61B4 /* broker-impl.xcodeproj */ = {isa = PBXFileReference; lastKnownFileType = "wrapper.pb-project"; name = "broker-impl.xcodeproj"; path = "broker-impl/broker-impl.xcodeproj"; sourceTree = "<group>"; };
		32939251186EE033003D61B4 /* common.h */ = {isa = PBXFileReference; fileEncoding = 4; lastKnownFileType = sourcecode.c.h; path = common.h; sourceTree = "<group>"; };
		32939253186EE033003D61B4 /* zhelpers.h */ = {isa = PBXFileReference; fileEncoding = 4; lastKnownFileType = sourcecode.c.h; path = zhelpers.h; sourceTree = "<group>"; };
		3293926B186EE206003D61B4 /* server-impl.xcodeproj */ = {isa = PBXFileReference; lastKnownFileType = "wrapper.pb-project"; name = "server-impl.xcodeproj"; path = "server-impl/server-impl.xcodeproj"; sourceTree = "<group>"; };
		32939287186EE297003D61B4 /* client-impl.xcodeproj */ = {isa = PBXFileReference; lastKnownFileType = "wrapper.pb-project"; name = "client-impl.xcodeproj"; path = "client-impl/client-impl.xcodeproj"; sourceTree = "<group>"; };
		32D1AB4F18A8BEC50071D61D /* README */ = {isa = PBXFileReference; fileEncoding = 4; lastKnownFileType = text; path = README; sourceTree = "<group>"; };
/* End PBXFileReference section */

/* Begin PBXFrameworksBuildPhase section */
		32939222186EDE1D003D61B4 /* Frameworks */ = {
			isa = PBXFrameworksBuildPhase;
			buildActionMask = 2147483647;
			files = (
			);
			runOnlyForDeploymentPostprocessing = 0;
		};
/* End PBXFrameworksBuildPhase section */

/* Begin PBXGroup section */
		3293921C186EDE1D003D61B4 = {
			isa = PBXGroup;
			children = (
				32D1AB4F18A8BEC50071D61D /* README */,
				32939287186EE297003D61B4 /* client-impl.xcodeproj */,
				3293926B186EE206003D61B4 /* server-impl.xcodeproj */,
				3293924F186EE033003D61B4 /* common */,
				32939246186EDED5003D61B4 /* broker-impl.xcodeproj */,
				323A21CD186EEB2400050F4E /* advanced-load-balancer */,
			);
			sourceTree = "<group>";
		};
		32939247186EDED5003D61B4 /* Products */ = {
			isa = PBXGroup;
			children = (
				3293924B186EDED5003D61B4 /* broker-impl */,
			);
			name = Products;
			sourceTree = "<group>";
		};
		3293924F186EE033003D61B4 /* common */ = {
			isa = PBXGroup;
			children = (
				32939250186EE033003D61B4 /* include */,
				32939252186EE033003D61B4 /* lib */,
			);
			path = common;
			sourceTree = "<group>";
		};
		32939250186EE033003D61B4 /* include */ = {
			isa = PBXGroup;
			children = (
				32939251186EE033003D61B4 /* common.h */,
			);
			path = include;
			sourceTree = "<group>";
		};
		32939252186EE033003D61B4 /* lib */ = {
			isa = PBXGroup;
			children = (
				32939253186EE033003D61B4 /* zhelpers.h */,
			);
			path = lib;
			sourceTree = "<group>";
		};
		3293926C186EE206003D61B4 /* Products */ = {
			isa = PBXGroup;
			children = (
				32939271186EE206003D61B4 /* server-impl */,
			);
			name = Products;
			sourceTree = "<group>";
		};
		32939288186EE297003D61B4 /* Products */ = {
			isa = PBXGroup;
			children = (
				3293928C186EE298003D61B4 /* client-impl */,
			);
			name = Products;
			sourceTree = "<group>";
		};
/* End PBXGroup section */

/* Begin PBXNativeTarget section */
		32939224186EDE1D003D61B4 /* advanced-load-balancer */ = {
			isa = PBXNativeTarget;
			buildConfigurationList = 3293922E186EDE1D003D61B4 /* Build configuration list for PBXNativeTarget "advanced-load-balancer" */;
			buildPhases = (
				32939221186EDE1D003D61B4 /* Sources */,
				32939222186EDE1D003D61B4 /* Frameworks */,
				32939223186EDE1D003D61B4 /* CopyFiles */,
			);
			buildRules = (
			);
			dependencies = (
			);
			name = "advanced-load-balancer";
			productName = "advanced-load-balancer";
			productReference = 323A21CD186EEB2400050F4E /* advanced-load-balancer */;
			productType = "com.apple.product-type.tool";
		};
/* End PBXNativeTarget section */

/* Begin PBXProject section */
		3293921D186EDE1D003D61B4 /* Project object */ = {
			isa = PBXProject;
			attributes = {
				LastUpgradeCheck = 0500;
				ORGANIZATIONNAME = "Laurentiu Dascalu";
			};
			buildConfigurationList = 32939220186EDE1D003D61B4 /* Build configuration list for PBXProject "advanced-load-balancer" */;
			compatibilityVersion = "Xcode 3.2";
			developmentRegion = English;
			hasScannedForEncodings = 0;
			knownRegions = (
				en,
			);
			mainGroup = 3293921C186EDE1D003D61B4;
			productRefGroup = 3293921C186EDE1D003D61B4;
			projectDirPath = "";
			projectReferences = (
				{
					ProductGroup = 32939247186EDED5003D61B4 /* Products */;
					ProjectRef = 32939246186EDED5003D61B4 /* broker-impl.xcodeproj */;
				},
				{
					ProductGroup = 32939288186EE297003D61B4 /* Products */;
					ProjectRef = 32939287186EE297003D61B4 /* client-impl.xcodeproj */;
				},
				{
					ProductGroup = 3293926C186EE206003D61B4 /* Products */;
					ProjectRef = 3293926B186EE206003D61B4 /* server-impl.xcodeproj */;
				},
			);
			projectRoot = "";
			targets = (
				32939224186EDE1D003D61B4 /* advanced-load-balancer */,
			);
		};
/* End PBXProject section */

/* Begin PBXReferenceProxy section */
		3293924B186EDED5003D61B4 /* broker-impl */ = {
			isa = PBXReferenceProxy;
			fileType = "compiled.mach-o.executable";
			path = "broker-impl";
			remoteRef = 3293924A186EDED5003D61B4 /* PBXContainerItemProxy */;
			sourceTree = BUILT_PRODUCTS_DIR;
		};
		32939271186EE206003D61B4 /* server-impl */ = {
			isa = PBXReferenceProxy;
			fileType = "compiled.mach-o.executable";
			path = "server-impl";
			remoteRef = 32939270186EE206003D61B4 /* PBXContainerItemProxy */;
			sourceTree = BUILT_PRODUCTS_DIR;
		};
		3293928C186EE298003D61B4 /* client-impl */ = {
			isa = PBXReferenceProxy;
			fileType = "compiled.mach-o.executable";
			path = "client-impl";
			remoteRef = 3293928B186EE298003D61B4 /* PBXContainerItemProxy */;
			sourceTree = BUILT_PRODUCTS_DIR;
		};
/* End PBXReferenceProxy section */

/* Begin PBXSourcesBuildPhase section */
		32939221186EDE1D003D61B4 /* Sources */ = {
			isa = PBXSourcesBuildPhase;
			buildActionMask = 2147483647;
			files = (
			);
			runOnlyForDeploymentPostprocessing = 0;
		};
/* End PBXSourcesBuildPhase section */

/* Begin XCBuildConfiguration section */
		3293922C186EDE1D003D61B4 /* Debug */ = {
			isa = XCBuildConfiguration;
			buildSettings = {
				ALWAYS_SEARCH_USER_PATHS = NO;
				CLANG_CXX_LANGUAGE_STANDARD = "gnu++0x";
				CLANG_CXX_LIBRARY = "libc++";
				CLANG_ENABLE_OBJC_ARC = YES;
				CLANG_WARN_BOOL_CONVERSION = YES;
				CLANG_WARN_CONSTANT_CONVERSION = YES;
				CLANG_WARN_DIRECT_OBJC_ISA_USAGE = YES_ERROR;
				CLANG_WARN_EMPTY_BODY = YES;
				CLANG_WARN_ENUM_CONVERSION = YES;
				CLANG_WARN_INT_CONVERSION = YES;
				CLANG_WARN_OBJC_ROOT_CLASS = YES_ERROR;
				CLANG_WARN__DUPLICATE_METHOD_MATCH = YES;
				COPY_PHASE_STRIP = NO;
				GCC_C_LANGUAGE_STANDARD = gnu99;
				GCC_DYNAMIC_NO_PIC = NO;
				GCC_ENABLE_OBJC_EXCEPTIONS = YES;
				GCC_OPTIMIZATION_LEVEL = 0;
				GCC_PREPROCESSOR_DEFINITIONS = (
					"DEBUG=1",
					"$(inherited)",
				);
				GCC_SYMBOLS_PRIVATE_EXTERN = NO;
				GCC_WARN_64_TO_32_BIT_CONVERSION = YES;
				GCC_WARN_ABOUT_RETURN_TYPE = YES_ERROR;
				GCC_WARN_UNDECLARED_SELECTOR = YES;
				GCC_WARN_UNINITIALIZED_AUTOS = YES;
				GCC_WARN_UNUSED_FUNCTION = YES;
				GCC_WARN_UNUSED_VARIABLE = YES;
				MACOSX_DEPLOYMENT_TARGET = 10.9;
				ONLY_ACTIVE_ARCH = YES;
				SDKROOT = macosx;
			};
			name = Debug;
		};
		3293922D186EDE1D003D61B4 /* Release */ = {
			isa = XCBuildConfiguration;
			buildSettings = {
				ALWAYS_SEARCH_USER_PATHS = NO;
				CLANG_CXX_LANGUAGE_STANDARD = "gnu++0x";
				CLANG_CXX_LIBRARY = "libc++";
				CLANG_ENABLE_OBJC_ARC = YES;
				CLANG_WARN_BOOL_CONVERSION = YES;
				CLANG_WARN_CONSTANT_CONVERSION = YES;
				CLANG_WARN_DIRECT_OBJC_ISA_USAGE = YES_ERROR;
				CLANG_WARN_EMPTY_BODY = YES;
				CLANG_WARN_ENUM_CONVERSION = YES;
				CLANG_WARN_INT_CONVERSION = YES;
				CLANG_WARN_OBJC_ROOT_CLASS = YES_ERROR;
				CLANG_WARN__DUPLICATE_METHOD_MATCH = YES;
				COPY_PHASE_STRIP = YES;
				DEBUG_INFORMATION_FORMAT = "dwarf-with-dsym";
				ENABLE_NS_ASSERTIONS = NO;
				GCC_C_LANGUAGE_STANDARD = gnu99;
				GCC_ENABLE_OBJC_EXCEPTIONS = YES;
				GCC_WARN_64_TO_32_BIT_CONVERSION = YES;
				GCC_WARN_ABOUT_RETURN_TYPE = YES_ERROR;
				GCC_WARN_UNDECLARED_SELECTOR = YES;
				GCC_WARN_UNINITIALIZED_AUTOS = YES;
				GCC_WARN_UNUSED_FUNCTION = YES;
				GCC_WARN_UNUSED_VARIABLE = YES;
				MACOSX_DEPLOYMENT_TARGET = 10.9;
				SDKROOT = macosx;
			};
			name = Release;
		};
		3293922F186EDE1D003D61B4 /* Debug */ = {
			isa = XCBuildConfiguration;
			buildSettings = {
				PRODUCT_NAME = "$(TARGET_NAME)";
			};
			name = Debug;
		};
		32939230186EDE1D003D61B4 /* Release */ = {
			isa = XCBuildConfiguration;
			buildSettings = {
				PRODUCT_NAME = "$(TARGET_NAME)";
			};
			name = Release;
		};
/* End XCBuildConfiguration section */

/* Begin XCConfigurationList section */
		32939220186EDE1D003D61B4 /* Build configuration list for PBXProject "advanced-load-balancer" */ = {
			isa = XCConfigurationList;
			buildConfigurations = (
				3293922C186EDE1D003D61B4 /* Debug */,
				3293922D186EDE1D003D61B4 /* Release */,
			);
			defaultConfigurationIsVisible = 0;
			defaultConfigurationName = Release;
		};
		3293922E186EDE1D003D61B4 /* Build configuration list for PBXNativeTarget "advanced-load-balancer" */ = {
			isa = XCConfigurationList;
			buildConfigurations = (
				3293922F186EDE1D003D61B4 /* Debug */,
				32939230186EDE1D003D61B4 /* Release */,
			);
			defaultConfigurationIsVisible = 0;
			defaultConfigurationName = Release;
		};
/* End XCConfigurationList section */
	};
	rootObject = 3293921D186EDE1D003D61B4 /* Project object */;
}
